
Microsoft Visual Studio Solution File, Format Version 12.00
# Visual Studio 15
VisualStudioVersion = 15.0.27428.2015
MinimumVisualStudioVersion = 10.0.40219.1
Project("{FAE04EC0-301F-11D3-BF4B-00C04F79EFBC}") = "BibleRazor", "BibleRazor\BibleRazor.csproj", "{80CBE21F-4538-4D9C-8DD2-5AC9FC84C14A}"
EndProject
Global
	GlobalSection(SolutionConfigurationPlatforms) = preSolution
		Debug|Any CPU = Debug|Any CPU
		Release|Any CPU = Release|Any CPU
	EndGlobalSection
	GlobalSection(ProjectConfigurationPlatforms) = postSolution
		{80CBE21F-4538-4D9C-8DD2-5AC9FC84C14A}.Debug|Any CPU.ActiveCfg = Debug|Any CPU
		{80CBE21F-4538-4D9C-8DD2-5AC9FC84C14A}.Debug|Any CPU.Build.0 = Debug|Any CPU
		{80CBE21F-4538-4D9C-8DD2-5AC9FC84C14A}.Debug|Any CPU.Deploy.0 = Debug|Any CPU
		{80CBE21F-4538-4D9C-8DD2-5AC9FC84C14A}.Release|Any CPU.ActiveCfg = Release|Any CPU
		{80CBE21F-4538-4D9C-8DD2-5AC9FC84C14A}.Release|Any CPU.Build.0 = Release|Any CPU
		{80CBE21F-4538-4D9C-8DD2-5AC9FC84C14A}.Release|Any CPU.Deploy.0 = Release|Any CPU
	EndGlobalSection
	GlobalSection(SolutionProperties) = preSolution
		HideSolutionNode = FALSE
	EndGlobalSection
	GlobalSection(ExtensibilityGlobals) = postSolution
		SolutionGuid = {E43CFD20-39CA-458B-B77F-6EC2068D1027}
	EndGlobalSection
EndGlobal
